{
  "nodes": {
    "doomemacs": {
      "flake": false,
      "locked": {
        "lastModified": 1762312706,
        "narHash": "sha256-R3I8NErGSCd6kSTUBNe7SNcRDUtJ1xl8zvD13C6SrRg=",
        "owner": "doomemacs",
        "repo": "doomemacs",
        "rev": "ead254e15269bf8564625df4c8d2af6690a0df49",
        "type": "github"
      },
      "original": {
        "owner": "doomemacs",
        "repo": "doomemacs",
        "type": "github"
      }
    },
    "doomemacs_2": {
      "flake": false,
      "locked": {
        "lastModified": 1762312706,
        "narHash": "sha256-R3I8NErGSCd6kSTUBNe7SNcRDUtJ1xl8zvD13C6SrRg=",
        "owner": "doomemacs",
        "repo": "doomemacs",
        "rev": "ead254e15269bf8564625df4c8d2af6690a0df49",
        "type": "github"
      },
      "original": {
        "owner": "doomemacs",
        "repo": "doomemacs",
        "type": "github"
      }
    },
    "emacs-23-4": {
      "flake": false,
      "locked": {
        "narHash": "sha256-OzqhctHmsk30IfS61czooF+1LShToeT614RtqrMNyJw=",
        "type": "tarball",
        "url": "https://ftp.gnu.org/gnu/emacs/emacs-23.4.tar.bz2"
      },
      "original": {
        "type": "tarball",
        "url": "https://ftp.gnu.org/gnu/emacs/emacs-23.4.tar.bz2"
      }
    },
    "emacs-24-1": {
      "flake": false,
      "locked": {
        "narHash": "sha256-UVWKuXneNHq1zJtkGo6eLacUl5MdEbCBL68a8NcYEWk=",
        "type": "tarball",
        "url": "https://ftp.gnu.org/gnu/emacs/emacs-24.1.tar.bz2"
      },
      "original": {
        "type": "tarball",
        "url": "https://ftp.gnu.org/gnu/emacs/emacs-24.1.tar.bz2"
      }
    },
    "emacs-24-2": {
      "flake": false,
      "locked": {
        "narHash": "sha256-zdhQvRQs1ty4b8E4Khf10dCv+iGNuVl4FDCtUFqt2bI=",
        "type": "tarball",
        "url": "https://ftp.gnu.org/gnu/emacs/emacs-24.2.tar.xz"
      },
      "original": {
        "type": "tarball",
        "url": "https://ftp.gnu.org/gnu/emacs/emacs-24.2.tar.xz"
      }
    },
    "emacs-24-3": {
      "flake": false,
      "locked": {
        "narHash": "sha256-kANCrStnnt/0Mxt5qV94iKwcXGgFqqhJVUwRSAC0ez4=",
        "type": "tarball",
        "url": "https://ftp.gnu.org/gnu/emacs/emacs-24.3.tar.xz"
      },
      "original": {
        "type": "tarball",
        "url": "https://ftp.gnu.org/gnu/emacs/emacs-24.3.tar.xz"
      }
    },
    "emacs-24-4": {
      "flake": false,
      "locked": {
        "narHash": "sha256-WDPY5n3pMF7o4noS941GLDQ2zFKa8PvDkWjeMw0Wsm0=",
        "type": "tarball",
        "url": "https://ftp.gnu.org/gnu/emacs/emacs-24.4.tar.xz"
      },
      "original": {
        "type": "tarball",
        "url": "https://ftp.gnu.org/gnu/emacs/emacs-24.4.tar.xz"
      }
    },
    "emacs-24-5": {
      "flake": false,
      "locked": {
        "narHash": "sha256-jb801XX+fMvQ5OBYKpjPPsqAcqgaeYKPRfeZIP8R/rc=",
        "type": "tarball",
        "url": "https://ftp.gnu.org/gnu/emacs/emacs-24.5.tar.xz"
      },
      "original": {
        "type": "tarball",
        "url": "https://ftp.gnu.org/gnu/emacs/emacs-24.5.tar.xz"
      }
    },
    "emacs-25-1": {
      "flake": false,
      "locked": {
        "narHash": "sha256-Lxgh6MOMYYaenkgwFiFw4SZOxkGk+q/4bDv3B8rAAWM=",
        "type": "tarball",
        "url": "https://ftp.gnu.org/gnu/emacs/emacs-25.1.tar.xz"
      },
      "original": {
        "type": "tarball",
        "url": "https://ftp.gnu.org/gnu/emacs/emacs-25.1.tar.xz"
      }
    },
    "emacs-25-2": {
      "flake": false,
      "locked": {
        "narHash": "sha256-L+Tgth/sI7aI+xQOu5iRWxhaivsK6BcmNB7wV1bUzg0=",
        "type": "tarball",
        "url": "https://ftp.gnu.org/gnu/emacs/emacs-25.2.tar.xz"
      },
      "original": {
        "type": "tarball",
        "url": "https://ftp.gnu.org/gnu/emacs/emacs-25.2.tar.xz"
      }
    },
    "emacs-25-3": {
      "flake": false,
      "locked": {
        "narHash": "sha256-1czqSKUzuoJc+WBwpojicwpZE6VKnAqNJt2V04k2ifc=",
        "type": "tarball",
        "url": "https://ftp.gnu.org/gnu/emacs/emacs-25.3.tar.xz"
      },
      "original": {
        "type": "tarball",
        "url": "https://ftp.gnu.org/gnu/emacs/emacs-25.3.tar.xz"
      }
    },
    "emacs-26-1": {
      "flake": false,
      "locked": {
        "narHash": "sha256-amsPbiVbko/Qvsw2cfJdkhq0UHGjhn5uyLN0MEeMq20=",
        "type": "tarball",
        "url": "https://ftp.gnu.org/gnu/emacs/emacs-26.1.tar.xz"
      },
      "original": {
        "type": "tarball",
        "url": "https://ftp.gnu.org/gnu/emacs/emacs-26.1.tar.xz"
      }
    },
    "emacs-26-2": {
      "flake": false,
      "locked": {
        "narHash": "sha256-AvO73gk6Tb+aDARgbgAq6RVz71wBSxh12RrnrD/3TM0=",
        "type": "tarball",
        "url": "https://ftp.gnu.org/gnu/emacs/emacs-26.2.tar.xz"
      },
      "original": {
        "type": "tarball",
        "url": "https://ftp.gnu.org/gnu/emacs/emacs-26.2.tar.xz"
      }
    },
    "emacs-26-3": {
      "flake": false,
      "locked": {
        "narHash": "sha256-iYPYrf/6Cd6wozabn2D/bj9M591vLqO84uPyj3ZN/+I=",
        "type": "tarball",
        "url": "https://ftp.gnu.org/gnu/emacs/emacs-26.3.tar.xz"
      },
      "original": {
        "type": "tarball",
        "url": "https://ftp.gnu.org/gnu/emacs/emacs-26.3.tar.xz"
      }
    },
    "emacs-27-1": {
      "flake": false,
      "locked": {
        "narHash": "sha256-oADGvqBASpU8Q512c+PPF1pwm1/tg2oo2a30ghJ2xVQ=",
        "type": "tarball",
        "url": "https://ftp.gnu.org/gnu/emacs/emacs-27.1.tar.xz"
      },
      "original": {
        "type": "tarball",
        "url": "https://ftp.gnu.org/gnu/emacs/emacs-27.1.tar.xz"
      }
    },
    "emacs-27-2": {
      "flake": false,
      "locked": {
        "narHash": "sha256-BaLVKUHuxGuO3F+/YRQ8DCe8FkR/fkoJIh6p4xbF4m0=",
        "type": "tarball",
        "url": "https://ftp.gnu.org/gnu/emacs/emacs-27.2.tar.xz"
      },
      "original": {
        "type": "tarball",
        "url": "https://ftp.gnu.org/gnu/emacs/emacs-27.2.tar.xz"
      }
    },
    "emacs-28-1": {
      "flake": false,
      "locked": {
        "narHash": "sha256-EGuOesE+gq6wzF4qiqdBQhPm+TGzZnJ/sHxkd4Liz4s=",
        "type": "tarball",
        "url": "https://ftp.gnu.org/gnu/emacs/emacs-28.1.tar.xz"
      },
      "original": {
        "type": "tarball",
        "url": "https://ftp.gnu.org/gnu/emacs/emacs-28.1.tar.xz"
      }
    },
    "emacs-28-2": {
      "flake": false,
      "locked": {
        "narHash": "sha256-+Tmn3gJ+7536KehS3QUGRWFc0ic7xZI/KDl63n/yEp4=",
        "type": "tarball",
        "url": "https://ftp.gnu.org/gnu/emacs/emacs-28.2.tar.xz"
      },
      "original": {
        "type": "tarball",
        "url": "https://ftp.gnu.org/gnu/emacs/emacs-28.2.tar.xz"
      }
    },
    "emacs-29-1": {
      "flake": false,
      "locked": {
        "narHash": "sha256-C7920QvXQvrqUNAScIb++H1+3CC54ppPby+/hh6+yo0=",
        "type": "tarball",
        "url": "https://ftp.gnu.org/gnu/emacs/emacs-29.1.tar.xz"
      },
      "original": {
        "type": "tarball",
        "url": "https://ftp.gnu.org/gnu/emacs/emacs-29.1.tar.xz"
      }
    },
    "emacs-29-2": {
      "flake": false,
      "locked": {
        "lastModified": 1705573161,
        "narHash": "sha256-P589A1XNkmj4ODOXosk1sNkUGJsHSgQtIfWsNjCd+eI=",
        "type": "tarball",
        "url": "https://ftp.gnu.org/gnu/emacs/emacs-29.2.tar.xz"
      },
      "original": {
        "type": "tarball",
        "url": "https://ftp.gnu.org/gnu/emacs/emacs-29.2.tar.xz"
      }
    },
    "emacs-29-3": {
      "flake": false,
      "locked": {
        "lastModified": 1711287509,
        "narHash": "sha256-F/EO5gasb0bW0TIyudp1HAeZfwYjjE7a3ptK2oQbp7Q=",
        "type": "tarball",
        "url": "https://ftp.gnu.org/gnu/emacs/emacs-29.3.tar.xz"
      },
      "original": {
        "type": "tarball",
        "url": "https://ftp.gnu.org/gnu/emacs/emacs-29.3.tar.xz"
      }
    },
    "emacs-29-4": {
      "flake": false,
      "locked": {
        "lastModified": 1719016405,
        "narHash": "sha256-p4jFYnpWdq7op8VqMpvEgdXNkqpyxznli5q6K1TEohk=",
        "type": "tarball",
        "url": "https://ftp.gnu.org/gnu/emacs/emacs-29.4.tar.xz"
      },
      "original": {
        "type": "tarball",
        "url": "https://ftp.gnu.org/gnu/emacs/emacs-29.4.tar.xz"
      }
    },
    "emacs-30-1": {
      "flake": false,
      "locked": {
        "lastModified": 1740327883,
        "narHash": "sha256-UNbaj+6JNDydBh0R92i3ec54lLATo2+th31MghgPC8M=",
        "type": "tarball",
        "url": "https://ftp.gnu.org/gnu/emacs/emacs-30.1.tar.xz"
      },
      "original": {
        "type": "tarball",
        "url": "https://ftp.gnu.org/gnu/emacs/emacs-30.1.tar.xz"
      }
    },
    "emacs-30-2": {
      "flake": false,
      "locked": {
        "lastModified": 1755161604,
        "narHash": "sha256-W2eZ+cNQhi/fMeRkwOqSKU7Vzvp43WUOpiwaLLNEXtg=",
        "type": "tarball",
        "url": "https://ftp.gnu.org/gnu/emacs/emacs-30.2.tar.xz"
      },
      "original": {
        "type": "tarball",
        "url": "https://ftp.gnu.org/gnu/emacs/emacs-30.2.tar.xz"
      }
    },
    "emacs-overlay": {
      "inputs": {
        "nixpkgs": [
          "nixpkgs"
        ],
        "nixpkgs-stable": "nixpkgs-stable"
      },
      "locked": {
        "lastModified": 1762507632,
        "narHash": "sha256-prNQsJ4puBo4h+IAC/elO8Mbygiz3SBeOGB72RqXMsc=",
        "owner": "nix-community",
        "repo": "emacs-overlay",
        "rev": "9e2937bba3c9bf92f0249591f332780de8f290ef",
        "type": "github"
      },
      "original": {
        "owner": "nix-community",
        "repo": "emacs-overlay",
        "rev": "9e2937bba3c9bf92f0249591f332780de8f290ef",
        "type": "github"
      }
    },
    "emacs-overlay_2": {
      "inputs": {
        "nixpkgs": [
          "nix-doom-emacs"
        ],
        "nixpkgs-stable": [
          "nix-doom-emacs"
        ]
      },
      "locked": {
        "lastModified": 1762503895,
        "narHash": "sha256-DC73BvvL6nz3Jju635LGE3xZbFfUxtKr0a7C/TqyayE=",
        "owner": "nix-community",
        "repo": "emacs-overlay",
        "rev": "a7eadc67e4b4b8415f3f287a9c1d6a49f0416ae3",
        "type": "github"
      },
      "original": {
        "owner": "nix-community",
        "repo": "emacs-overlay",
        "type": "github"
      }
    },
    "emacs-release-snapshot": {
      "flake": false,
      "locked": {
        "lastModified": 1761400628,
        "narHash": "sha256-fiKr5KnUK/3/tVZNAfy+Th2oXjFPua6K/mngmQzQG3o=",
        "owner": "emacs-mirror",
        "repo": "emacs",
        "rev": "0974418f2a823eab679a4e8d773f3bab7a47aded",
        "type": "github"
      },
      "original": {
        "owner": "emacs-mirror",
        "ref": "emacs-30",
        "repo": "emacs",
        "type": "github"
      }
    },
    "emacs-snapshot": {
      "flake": false,
      "locked": {
        "lastModified": 1762143927,
        "narHash": "sha256-FXShJPRV3CwMLDsP2B4JzBySH2hWCFR8YvEglcRrzYk=",
        "owner": "emacs-mirror",
        "repo": "emacs",
        "rev": "f591d1c02745af9ce8cf4ed7dc4ada05ca4f822b",
        "type": "github"
      },
      "original": {
        "owner": "emacs-mirror",
        "repo": "emacs",
        "type": "github"
      }
    },
    "flake-compat": {
      "flake": false,
      "locked": {
        "lastModified": 1673956053,
        "narHash": "sha256-4gtG9iQuiKITOjNQQeQIpoIB6b16fm+504Ch3sNKLd8=",
        "owner": "edolstra",
        "repo": "flake-compat",
        "rev": "35bb57c0c8d8b62bbfd284272c928ceb64ddbde9",
        "type": "github"
      },
      "original": {
        "owner": "edolstra",
        "repo": "flake-compat",
        "type": "github"
      }
    },
    "flake-schemas": {
      "locked": {
        "lastModified": 1721999734,
        "narHash": "sha256-G5CxYeJVm4lcEtaO87LKzOsVnWeTcHGKbKxNamNWgOw=",
        "rev": "0a5c42297d870156d9c57d8f99e476b738dcd982",
        "revCount": 75,
        "type": "tarball",
        "url": "https://api.flakehub.com/f/pinned/DeterminateSystems/flake-schemas/0.1.5/0190ef2f-61e0-794b-ba14-e82f225e55e6/source.tar.gz"
      },
      "original": {
        "type": "tarball",
        "url": "https://flakehub.com/f/DeterminateSystems/flake-schemas/%2A"
      }
    },
    "flake-utils": {
      "inputs": {
        "systems": "systems_2"
      },
      "locked": {
        "lastModified": 1687709756,
        "narHash": "sha256-Y5wKlQSkgEK2weWdOu4J3riRd+kV/VCgHsqLNTTWQ/0=",
        "owner": "numtide",
        "repo": "flake-utils",
        "rev": "dbabf0ca0c0c4bce6ea5eaf65af5cb694d2082c7",
        "type": "github"
      },
      "original": {
        "id": "flake-utils",
        "type": "indirect"
      }
    },
    "home-manager": {
      "inputs": {
        "nixpkgs": [
          "nixpkgs"
        ]
      },
      "locked": {
        "lastModified": 1760973044,
        "narHash": "sha256-Ij3H0qkzZ66X9934kH0JYoI3b/F2vamrDD9abT5Pi70=",
        "rev": "c3a5e5f0df6f53aa4b51adc0107796cc407c641c",
        "revCount": 5647,
        "type": "tarball",
        "url": "https://api.flakehub.com/f/pinned/nix-community/home-manager/0.1.5647%2Brev-c3a5e5f0df6f53aa4b51adc0107796cc407c641c/019a022d-3a68-76c4-a5d9-cc9a176c5189/source.tar.gz"
      },
      "original": {
        "type": "tarball",
        "url": "https://flakehub.com/f/nix-community/home-manager/0.1.%2A"
      }
    },
    "nix-doom-emacs": {
      "inputs": {
        "doomemacs": "doomemacs_2",
        "emacs-overlay": "emacs-overlay_2",
        "nixpkgs": [
          "nixpkgs"
        ],
        "systems": "systems"
      },
      "locked": {
        "lastModified": 1762505014,
        "narHash": "sha256-bztXLrBB9SNtAMGf8lxn5+rjQeRnPZfih8NJKSEyGHY=",
        "owner": "marienz",
        "repo": "nix-doom-emacs-unstraightened",
        "rev": "f5e88b4266c68afe6888fc9026511c5450817f13",
        "type": "github"
      },
      "original": {
        "owner": "marienz",
        "repo": "nix-doom-emacs-unstraightened",
        "type": "github"
      }
    },
    "nix-emacs-ci": {
      "inputs": {
        "emacs-23-4": "emacs-23-4",
        "emacs-24-1": "emacs-24-1",
        "emacs-24-2": "emacs-24-2",
        "emacs-24-3": "emacs-24-3",
        "emacs-24-4": "emacs-24-4",
        "emacs-24-5": "emacs-24-5",
        "emacs-25-1": "emacs-25-1",
        "emacs-25-2": "emacs-25-2",
        "emacs-25-3": "emacs-25-3",
        "emacs-26-1": "emacs-26-1",
        "emacs-26-2": "emacs-26-2",
        "emacs-26-3": "emacs-26-3",
        "emacs-27-1": "emacs-27-1",
        "emacs-27-2": "emacs-27-2",
        "emacs-28-1": "emacs-28-1",
        "emacs-28-2": "emacs-28-2",
        "emacs-29-1": "emacs-29-1",
        "emacs-29-2": "emacs-29-2",
        "emacs-29-3": "emacs-29-3",
        "emacs-29-4": "emacs-29-4",
        "emacs-30-1": "emacs-30-1",
        "emacs-30-2": "emacs-30-2",
        "emacs-release-snapshot": "emacs-release-snapshot",
        "emacs-snapshot": "emacs-snapshot",
        "flake-compat": "flake-compat",
        "flake-utils": "flake-utils",
        "nixpkgs": [
          "nixpkgs"
        ]
      },
      "locked": {
        "lastModified": 1762166997,
        "narHash": "sha256-3l5i3yeM6GTRm2rvyKMiKZ0wJIyvgVUBLQTHzjSuFpI=",
        "owner": "purcell",
        "repo": "nix-emacs-ci",
        "rev": "c9f999c04b9fc42325c57f89dbab0e93ecc05f0c",
        "type": "github"
      },
      "original": {
        "owner": "purcell",
        "repo": "nix-emacs-ci",
        "type": "github"
      }
    },
    "nixpkgs": {
      "locked": {
        "lastModified": 1760878510,
        "narHash": "sha256-K5Osef2qexezUfs0alLvZ7nQFTGS9DL2oTVsIXsqLgs=",
        "rev": "5e2a59a5b1a82f89f2c7e598302a9cacebb72a67",
        "revCount": 880095,
        "type": "tarball",
        "url": "https://api.flakehub.com/f/pinned/NixOS/nixpkgs/0.1.880095%2Brev-5e2a59a5b1a82f89f2c7e598302a9cacebb72a67/0199ff22-59dd-7eb0-a8c6-783df1d83a4f/source.tar.gz"
      },
      "original": {
        "type": "tarball",
        "url": "https://flakehub.com/f/NixOS/nixpkgs/0.1.%2A"
      }
    },
    "nixpkgs-stable": {
      "locked": {
        "lastModified": 1762233356,
        "narHash": "sha256-cGS3lLTYusbEP/IJIWGgnkzIl+FA5xDvtiHyjalGr4k=",
        "owner": "NixOS",
        "repo": "nixpkgs",
        "rev": "ca534a76c4afb2bdc07b681dbc11b453bab21af8",
        "type": "github"
      },
      "original": {
        "owner": "NixOS",
        "ref": "nixos-25.05",
        "repo": "nixpkgs",
        "type": "github"
      }
    },
    "nmt": {
      "flake": false,
      "locked": {
        "lastModified": 1705307515,
        "narHash": "sha256-krVKx3/u1mDo8qe5qylYgmwAmlAPHa1BSPDzxq09FmI=",
        "owner": "~rycee",
        "repo": "nmt",
        "rev": "1562940b7765a32f1987bd9a3ee6a4fa034c9429",
        "type": "sourcehut"
      },
      "original": {
        "owner": "~rycee",
        "repo": "nmt",
        "type": "sourcehut"
      }
    },
    "root": {
      "inputs": {
        "doomemacs": "doomemacs",
        "emacs-overlay": "emacs-overlay",
        "flake-schemas": "flake-schemas",
        "home-manager": "home-manager",
        "nix-doom-emacs": "nix-doom-emacs",
        "nix-emacs-ci": "nix-emacs-ci",
        "nixpkgs": "nixpkgs",
        "nmt": "nmt",
        "treefmt-nix": "treefmt-nix"
      }
    },
    "systems": {
      "locked": {
        "lastModified": 1681028828,
        "narHash": "sha256-Vy1rq5AaRuLzOxct8nz4T6wlgyUR7zLU309k9mBC768=",
        "owner": "nix-systems",
        "repo": "default",
        "rev": "da67096a3b9bf56a91d16901293e51ba5b49a27e",
        "type": "github"
      },
      "original": {
        "owner": "nix-systems",
        "repo": "default",
        "type": "github"
      }
    },
    "systems_2": {
      "locked": {
        "lastModified": 1681028828,
        "narHash": "sha256-Vy1rq5AaRuLzOxct8nz4T6wlgyUR7zLU309k9mBC768=",
        "owner": "nix-systems",
        "repo": "default",
        "rev": "da67096a3b9bf56a91d16901293e51ba5b49a27e",
        "type": "github"
      },
      "original": {
        "owner": "nix-systems",
        "repo": "default",
        "type": "github"
      }
    },
    "treefmt-nix": {
      "inputs": {
        "nixpkgs": [
          "nixpkgs"
        ]
      },
      "locked": {
        "lastModified": 1760889407,
        "narHash": "sha256-ppIp04fmz+BaTpJs1nIOmPADg02asfQFrFbhb3SmxsE=",
        "rev": "3f258dead9fed51f53862366d3a6bc1b622ee7cb",
        "revCount": 486,
        "type": "tarball",
        "url": "https://api.flakehub.com/f/pinned/numtide/treefmt-nix/0.1.486%2Brev-3f258dead9fed51f53862366d3a6bc1b622ee7cb/0199fd8b-5e85-738e-97d5-dd300391ac09/source.tar.gz"
      },
      "original": {
        "type": "tarball",
        "url": "https://flakehub.com/f/numtide/treefmt-nix/0.1.%2A"
      }
    }
  },
  "root": "root",
  "version": 7
}
